{
    "_readme": [
        "This file locks the dependencies of your project to a known state",
        "Read more about it at https://getcomposer.org/doc/01-basic-usage.md#installing-dependencies",
        "This file is @generated automatically"
    ],
    "content-hash": "92541f74238315646cabb0109467e6e0",
    "packages": [
        {
            "name": "phansys/getid3",
            "version": "2.1.x-dev",
            "source": {
                "type": "git",
                "url": "https://github.com/phansys/GetId3.git",
                "reference": "25fb540dd9bf5cc3d1501f4bc3d4c759e13ead89"
            },
            "dist": {
                "type": "zip",
                "url": "https://api.github.com/repos/phansys/GetId3/zipball/25fb540dd9bf5cc3d1501f4bc3d4c759e13ead89",
                "reference": "25fb540dd9bf5cc3d1501f4bc3d4c759e13ead89",
                "shasum": ""
            },
            "require": {
                "php": ">=5.3.3"
            },
            "conflict": {
                "james-heinrich/getid3": "*"
            },
            "require-dev": {
                "phpunit/phpunit": ">=4.8,<5.4.3"
            },
            "suggest": {
                "ext-dba": "DBA extension is required in order to use DBA database as cache storage.",
                "ext-exif": "EXIF extension is required for graphic modules.",
                "ext-mysqli": "MySQLi extension is required in order to use MySQL database as cache storage.",
                "ext-rar": "RAR extension is required for RAR archive module.",
                "ext-sqlite": "SQLite extension is required in order to use SQLite database as cache storage."
            },
            "type": "library",
            "extra": {
                "branch-alias": {
                    "dev-master": "2.1-dev"
                }
            },
            "autoload": {
                "psr-4": {
                    "GetId3\\": ""
                }
            },
            "notification-url": "https://packagist.org/downloads/",
            "license": [
                "GPL"
            ],
            "authors": [
                {
                    "name": "James Heinrich",
                    "email": "info@getid3.org",
                    "homepage": "http://www.getid3.org"
                }
            ],
            "description": "This fork of GetId3 library updates to PSR-2 / PSR-4 CS, adds namespaces and makes it installable by composer.",
            "homepage": "http://www.getid3.org",
            "keywords": [
                "getid3",
                "metadata",
                "tags"
            ],
            "abandoned": "james-heinrich/getid3",
            "time": "2017-05-26T00:05:10+00:00"
        }
    ],
    "packages-dev": [],
    "aliases": [],
    "minimum-stability": "stable",
    "stability-flags": {
        "phansys/getid3": 20
    },
    "prefer-stable": false,
    "prefer-lowest": false,
    "platform": [],
    "platform-dev": []
}
