{
    "_readme": [
        "This file locks the dependencies of your project to a known state",
        "Read more about it at https://getcomposer.org/doc/01-basic-usage.md#installing-dependencies",
        "This file is @generated automatically"
    ],
    "content-hash": "de0384ae7e2d8ef4589f09dd73bc9c61",
    "packages": [
        {
            "name": "mikehaertl/php-pdftk",
            "version": "0.5.0",
            "source": {
                "type": "git",
                "url": "https://github.com/mikehaertl/php-pdftk.git",
                "reference": "a07f459d85e876a58cbe1ee7f4b4e0a9d9ed335d"
            },
            "dist": {
                "type": "zip",
                "url": "https://api.github.com/repos/mikehaertl/php-pdftk/zipball/a07f459d85e876a58cbe1ee7f4b4e0a9d9ed335d",
                "reference": "a07f459d85e876a58cbe1ee7f4b4e0a9d9ed335d",
                "shasum": ""
            },
            "require": {
                "mikehaertl/php-shellcommand": "^1.0.2",
                "mikehaertl/php-tmpfile": "^1.0.0",
                "php": ">=5.3.0"
            },
            "suggest": {
                "mikehaertl/pdftk2-precise-amd64": "pdftk 2 binary for Ubuntu 12.04 LTS (amd64)"
            },
            "type": "library",
            "autoload": {
                "psr-4": {
                    "mikehaertl\\pdftk\\": "src/"
                }
            },
            "notification-url": "https://packagist.org/downloads/",
            "license": [
                "MIT"
            ],
            "authors": [
                {
                    "name": "Michael Haertl",
                    "email": "haertl.mike@gmail.com"
                }
            ],
            "description": "A PDF conversion and form utility based on pdftk.",
            "keywords": [
                "pdf",
                "pdftk"
            ],
            "time": "2018-10-11T07:29:34+00:00"
        },
        {
            "name": "mikehaertl/php-shellcommand",
            "version": "1.4.1",
            "source": {
                "type": "git",
                "url": "https://github.com/mikehaertl/php-shellcommand.git",
                "reference": "903ee95d3ee8f65ebbe4c6e17705d1d91760521a"
            },
            "dist": {
                "type": "zip",
                "url": "https://api.github.com/repos/mikehaertl/php-shellcommand/zipball/903ee95d3ee8f65ebbe4c6e17705d1d91760521a",
                "reference": "903ee95d3ee8f65ebbe4c6e17705d1d91760521a",
                "shasum": ""
            },
            "require": {
                "php": ">= 5.4.0"
            },
            "type": "library",
            "autoload": {
                "psr-4": {
                    "mikehaertl\\shellcommand\\": "src/"
                }
            },
            "notification-url": "https://packagist.org/downloads/",
            "license": [
                "MIT"
            ],
            "authors": [
                {
                    "name": "Michael Härtl",
                    "email": "haertl.mike@gmail.com"
                }
            ],
            "description": "An object oriented interface to shell commands",
            "keywords": [
                "shell"
            ],
            "time": "2018-07-07T07:35:36+00:00"
        },
        {
            "name": "mikehaertl/php-tmpfile",
            "version": "1.1.1",
            "source": {
                "type": "git",
                "url": "https://github.com/mikehaertl/php-tmpfile.git",
                "reference": "0ff48ed52ffee46d0f21fc34e8806f15467eb9b1"
            },
            "dist": {
                "type": "zip",
                "url": "https://api.github.com/repos/mikehaertl/php-tmpfile/zipball/0ff48ed52ffee46d0f21fc34e8806f15467eb9b1",
                "reference": "0ff48ed52ffee46d0f21fc34e8806f15467eb9b1",
                "shasum": ""
            },
            "type": "library",
            "autoload": {
                "psr-4": {
                    "mikehaertl\\tmp\\": "src/"
                }
            },
            "notification-url": "https://packagist.org/downloads/",
            "license": [
                "MIT"
            ],
            "authors": [
                {
                    "name": "Michael Härtl",
                    "email": "haertl.mike@gmail.com"
                }
            ],
            "description": "A convenience class for temporary files",
            "keywords": [
                "files"
            ],
            "time": "2017-08-28T11:21:51+00:00"
        },
        {
            "name": "phansys/getid3",
            "version": "2.1.x-dev",
            "source": {
                "type": "git",
                "url": "https://github.com/phansys/GetId3.git",
                "reference": "25fb540dd9bf5cc3d1501f4bc3d4c759e13ead89"
            },
            "dist": {
                "type": "zip",
                "url": "https://api.github.com/repos/phansys/GetId3/zipball/25fb540dd9bf5cc3d1501f4bc3d4c759e13ead89",
                "reference": "25fb540dd9bf5cc3d1501f4bc3d4c759e13ead89",
                "shasum": ""
            },
            "require": {
                "php": ">=5.3.3"
            },
            "conflict": {
                "james-heinrich/getid3": "*"
            },
            "require-dev": {
                "phpunit/phpunit": ">=4.8,<5.4.3"
            },
            "suggest": {
                "ext-dba": "DBA extension is required in order to use DBA database as cache storage.",
                "ext-exif": "EXIF extension is required for graphic modules.",
                "ext-mysqli": "MySQLi extension is required in order to use MySQL database as cache storage.",
                "ext-rar": "RAR extension is required for RAR archive module.",
                "ext-sqlite": "SQLite extension is required in order to use SQLite database as cache storage."
            },
            "type": "library",
            "extra": {
                "branch-alias": {
                    "dev-master": "2.1-dev"
                }
            },
            "autoload": {
                "psr-4": {
                    "GetId3\\": ""
                }
            },
            "notification-url": "https://packagist.org/downloads/",
            "license": [
                "GPL"
            ],
            "authors": [
                {
                    "name": "James Heinrich",
                    "email": "info@getid3.org",
                    "homepage": "http://www.getid3.org"
                }
            ],
            "description": "This fork of GetId3 library updates to PSR-2 / PSR-4 CS, adds namespaces and makes it installable by composer.",
            "homepage": "http://www.getid3.org",
            "keywords": [
                "getid3",
                "metadata",
                "tags"
            ],
            "abandoned": "james-heinrich/getid3",
            "time": "2017-05-26T00:05:10+00:00"
        }
    ],
    "packages-dev": [],
    "aliases": [],
    "minimum-stability": "stable",
    "stability-flags": {
        "phansys/getid3": 20
    },
    "prefer-stable": false,
    "prefer-lowest": false,
    "platform": [],
    "platform-dev": []
}
